
Microsoft Visual Studio Solution File, Format Version 12.00
# Visual Studio Version 16
VisualStudioVersion = 16.0.30611.23
MinimumVisualStudioVersion = 10.0.40219.1
Project("{FAE04EC0-301F-11D3-BF4B-00C04F79EFBC}") = "FmpAnalyzer", "FmpAnalyzer.csproj", "{490A553E-AA23-4D5B-B01C-2AE06E605C07}"
EndProject
Global
	GlobalSection(SolutionConfigurationPlatforms) = preSolution
		Debug|Any CPU = Debug|Any CPU
		Release|Any CPU = Release|Any CPU
	EndGlobalSection
	GlobalSection(ProjectConfigurationPlatforms) = postSolution
		{490A553E-AA23-4D5B-B01C-2AE06E605C07}.Debug|Any CPU.ActiveCfg = Debug|Any CPU
		{490A553E-AA23-4D5B-B01C-2AE06E605C07}.Debug|Any CPU.Build.0 = Debug|Any CPU
		{490A553E-AA23-4D5B-B01C-2AE06E605C07}.Release|Any CPU.ActiveCfg = Release|Any CPU
		{490A553E-AA23-4D5B-B01C-2AE06E605C07}.Release|Any CPU.Build.0 = Release|Any CPU
	EndGlobalSection
	GlobalSection(SolutionProperties) = preSolution
		HideSolutionNode = FALSE
	EndGlobalSection
	GlobalSection(ExtensibilityGlobals) = postSolution
		SolutionGuid = {FE209DAB-8255-4ECC-8B04-AF31D67E2A34}
	EndGlobalSection
EndGlobal
